Microsoft Visual Studio Solution File, Format Version 11.00
# Visual Studio 2008

Project("{73F8995F-5878-8DDC-BFD0-715ABFE955AB}") = "Ahoy Matey", "Assembly-CSharp.csproj", "{57DE78C8-CFB5-42B2-0D9C-5D6679B89788}"
EndProject
Global
	GlobalSection(SolutionConfigurationPlatforms) = preSolution
		Debug|Any CPU = Debug|Any CPU
		Release|Any CPU = Release|Any CPU
	EndGlobalSection
	GlobalSection(ProjectConfigurationPlatforms) = postSolution
		{57DE78C8-CFB5-42B2-0D9C-5D6679B89788}.Debug|Any CPU.ActiveCfg = Debug|Any CPU
		{57DE78C8-CFB5-42B2-0D9C-5D6679B89788}.Debug|Any CPU.Build.0 = Debug|Any CPU
		{57DE78C8-CFB5-42B2-0D9C-5D6679B89788}.Release|Any CPU.ActiveCfg = Release|Any CPU
		{57DE78C8-CFB5-42B2-0D9C-5D6679B89788}.Release|Any CPU.Build.0 = Release|Any CPU
	EndGlobalSection
	GlobalSection(SolutionProperties) = preSolution
		HideSolutionNode = FALSE
	EndGlobalSection
	GlobalSection(MonoDevelopProperties) = preSolution
		StartupItem = Assembly-CSharp.csproj
	EndGlobalSection
EndGlobal
