Microsoft Visual Studio Solution File, Format Version 11.00
# Visual Studio 2008

Project("{73F8995F-5878-8DDC-BFD0-715ABFE955AB}") = "Ahoy Matey", "Assembly-CSharp-firstpass.csproj", "{0182604E-BBB0-6532-56BA-7E2ACE6CE5DF}"
EndProject
Project("{73F8995F-5878-8DDC-BFD0-715ABFE955AB}") = "Ahoy Matey", "Assembly-CSharp.csproj", "{57DE78C8-CFB5-42B2-0D9C-5D6679B89788}"
EndProject
Project("{73F8995F-5878-8DDC-BFD0-715ABFE955AB}") = "Ahoy Matey", "Assembly-CSharp-Editor.csproj", "{6437A1AC-D9CD-2E6D-B563-B2BC179693B3}"
EndProject
Global
	GlobalSection(SolutionConfigurationPlatforms) = preSolution
		Debug|Any CPU = Debug|Any CPU
		Release|Any CPU = Release|Any CPU
	EndGlobalSection
	GlobalSection(ProjectConfigurationPlatforms) = postSolution
		{0182604E-BBB0-6532-56BA-7E2ACE6CE5DF}.Debug|Any CPU.ActiveCfg = Debug|Any CPU
		{0182604E-BBB0-6532-56BA-7E2ACE6CE5DF}.Debug|Any CPU.Build.0 = Debug|Any CPU
		{0182604E-BBB0-6532-56BA-7E2ACE6CE5DF}.Release|Any CPU.ActiveCfg = Release|Any CPU
		{0182604E-BBB0-6532-56BA-7E2ACE6CE5DF}.Release|Any CPU.Build.0 = Release|Any CPU
		{57DE78C8-CFB5-42B2-0D9C-5D6679B89788}.Debug|Any CPU.ActiveCfg = Debug|Any CPU
		{57DE78C8-CFB5-42B2-0D9C-5D6679B89788}.Debug|Any CPU.Build.0 = Debug|Any CPU
		{57DE78C8-CFB5-42B2-0D9C-5D6679B89788}.Release|Any CPU.ActiveCfg = Release|Any CPU
		{57DE78C8-CFB5-42B2-0D9C-5D6679B89788}.Release|Any CPU.Build.0 = Release|Any CPU
		{6437A1AC-D9CD-2E6D-B563-B2BC179693B3}.Debug|Any CPU.ActiveCfg = Debug|Any CPU
		{6437A1AC-D9CD-2E6D-B563-B2BC179693B3}.Debug|Any CPU.Build.0 = Debug|Any CPU
		{6437A1AC-D9CD-2E6D-B563-B2BC179693B3}.Release|Any CPU.ActiveCfg = Release|Any CPU
		{6437A1AC-D9CD-2E6D-B563-B2BC179693B3}.Release|Any CPU.Build.0 = Release|Any CPU
	EndGlobalSection
	GlobalSection(SolutionProperties) = preSolution
		HideSolutionNode = FALSE
	EndGlobalSection
	GlobalSection(MonoDevelopProperties) = preSolution
		StartupItem = Assembly-CSharp.csproj
	EndGlobalSection
EndGlobal
